
Microsoft Visual Studio Solution File, Format Version 12.00
# Visual Studio Version 17
VisualStudioVersion = 17.9.34701.34
MinimumVisualStudioVersion = 10.0.40219.1
Project("{FAE04EC0-301F-11D3-BF4B-00C04F79EFBC}") = "SmoothLingua.WebExample", "SmoothLingua.WebExample\SmoothLingua.WebExample.csproj", "{3F76B271-BEAE-461C-AB29-9D23A1908BCC}"
EndProject
Global
	GlobalSection(SolutionConfigurationPlatforms) = preSolution
		Debug|Any CPU = Debug|Any CPU
		Release|Any CPU = Release|Any CPU
	EndGlobalSection
	GlobalSection(ProjectConfigurationPlatforms) = postSolution
		{3F76B271-BEAE-461C-AB29-9D23A1908BCC}.Debug|Any CPU.ActiveCfg = Debug|Any CPU
		{3F76B271-BEAE-461C-AB29-9D23A1908BCC}.Debug|Any CPU.Build.0 = Debug|Any CPU
		{3F76B271-BEAE-461C-AB29-9D23A1908BCC}.Release|Any CPU.ActiveCfg = Release|Any CPU
		{3F76B271-BEAE-461C-AB29-9D23A1908BCC}.Release|Any CPU.Build.0 = Release|Any CPU
	EndGlobalSection
	GlobalSection(SolutionProperties) = preSolution
		HideSolutionNode = FALSE
	EndGlobalSection
	GlobalSection(ExtensibilityGlobals) = postSolution
		SolutionGuid = {53B9499C-FF5E-4788-B6E8-415952BA3909}
	EndGlobalSection
EndGlobal
